
Microsoft Visual Studio Solution File, Format Version 12.00
# Visual Studio 14
VisualStudioVersion = 14.0.25420.1
MinimumVisualStudioVersion = 10.0.40219.1
Project("{FAE04EC0-301F-11D3-BF4B-00C04F79EFBC}") = "GlobalEvents", "GlobalEvents\GlobalEvents.csproj", "{D60E138D-B35D-4713-ACC4-013C4AC0F3CD}"
EndProject
Project("{FAE04EC0-301F-11D3-BF4B-00C04F79EFBC}") = "RepositorioClases", "RepositorioClases\RepositorioClases.csproj", "{CF5B8CF4-526A-41F5-B964-82CE44E4C62D}"
EndProject
Project("{FAE04EC0-301F-11D3-BF4B-00C04F79EFBC}") = "Servicios", "Servicios\Servicios.csproj", "{3A4EC6DA-E48F-4F37-9CD1-96A22ABEE68B}"
EndProject
Project("{FAE04EC0-301F-11D3-BF4B-00C04F79EFBC}") = "ViewModels", "ViewModels\ViewModels.csproj", "{E615D0B7-5B48-4267-831D-10FF6ACE4453}"
EndProject
Global
	GlobalSection(SolutionConfigurationPlatforms) = preSolution
		Debug|Any CPU = Debug|Any CPU
		Release|Any CPU = Release|Any CPU
	EndGlobalSection
	GlobalSection(ProjectConfigurationPlatforms) = postSolution
		{D60E138D-B35D-4713-ACC4-013C4AC0F3CD}.Debug|Any CPU.ActiveCfg = Debug|Any CPU
		{D60E138D-B35D-4713-ACC4-013C4AC0F3CD}.Debug|Any CPU.Build.0 = Debug|Any CPU
		{D60E138D-B35D-4713-ACC4-013C4AC0F3CD}.Release|Any CPU.ActiveCfg = Release|Any CPU
		{D60E138D-B35D-4713-ACC4-013C4AC0F3CD}.Release|Any CPU.Build.0 = Release|Any CPU
		{CF5B8CF4-526A-41F5-B964-82CE44E4C62D}.Debug|Any CPU.ActiveCfg = Debug|Any CPU
		{CF5B8CF4-526A-41F5-B964-82CE44E4C62D}.Debug|Any CPU.Build.0 = Debug|Any CPU
		{CF5B8CF4-526A-41F5-B964-82CE44E4C62D}.Release|Any CPU.ActiveCfg = Release|Any CPU
		{CF5B8CF4-526A-41F5-B964-82CE44E4C62D}.Release|Any CPU.Build.0 = Release|Any CPU
		{3A4EC6DA-E48F-4F37-9CD1-96A22ABEE68B}.Debug|Any CPU.ActiveCfg = Debug|Any CPU
		{3A4EC6DA-E48F-4F37-9CD1-96A22ABEE68B}.Debug|Any CPU.Build.0 = Debug|Any CPU
		{3A4EC6DA-E48F-4F37-9CD1-96A22ABEE68B}.Release|Any CPU.ActiveCfg = Release|Any CPU
		{3A4EC6DA-E48F-4F37-9CD1-96A22ABEE68B}.Release|Any CPU.Build.0 = Release|Any CPU
		{E615D0B7-5B48-4267-831D-10FF6ACE4453}.Debug|Any CPU.ActiveCfg = Debug|Any CPU
		{E615D0B7-5B48-4267-831D-10FF6ACE4453}.Debug|Any CPU.Build.0 = Debug|Any CPU
		{E615D0B7-5B48-4267-831D-10FF6ACE4453}.Release|Any CPU.ActiveCfg = Release|Any CPU
		{E615D0B7-5B48-4267-831D-10FF6ACE4453}.Release|Any CPU.Build.0 = Release|Any CPU
	EndGlobalSection
	GlobalSection(SolutionProperties) = preSolution
		HideSolutionNode = FALSE
	EndGlobalSection
EndGlobal
